
Microsoft Visual Studio Solution File, Format Version 12.00
# Visual Studio Version 17
VisualStudioVersion = 17.0.31903.59
MinimumVisualStudioVersion = 10.0.40219.1
Project("{2150E333-8FDC-42A3-9474-1A3956D46DE8}") = "apis", "apis", "{B1A29E6C-6B59-429E-AB79-1F7F8AF61484}"
EndProject
Project("{FAE04EC0-301F-11D3-BF4B-00C04F79EFBC}") = "OpenSystem.Apis.Reaction", "apps\apis\reaction\OpenSystem.Apis.Reaction.csproj", "{BCA9D2EE-C840-4EC6-86BE-4E7CFBD6BCF1}"
EndProject
Project("{2150E333-8FDC-42A3-9474-1A3956D46DE8}") = "libs", "libs", "{64671ADE-E909-49DC-B2E5-FAC1362B5894}"
EndProject
Project("{2150E333-8FDC-42A3-9474-1A3956D46DE8}") = "core", "core", "{66A6F527-5BE3-4122-B7A7-36E7A0609FE4}"
EndProject
Project("{FAE04EC0-301F-11D3-BF4B-00C04F79EFBC}") = "OpenSystem.Core.Application", "libs\core\dotnet\application\OpenSystem.Core.Application.csproj", "{ABAB4DF4-1C69-4B24-A9FA-7E9A0E490EE2}"
EndProject
Project("{FAE04EC0-301F-11D3-BF4B-00C04F79EFBC}") = "OpenSystem.Core.Domain", "libs\core\dotnet\domain\OpenSystem.Core.Domain.csproj", "{AF8359A1-9A55-4DF6-A56F-EB1B0312C68A}"
EndProject
Project("{FAE04EC0-301F-11D3-BF4B-00C04F79EFBC}") = "OpenSystem.Core.Infrastructure", "libs\core\dotnet\infrastructure\OpenSystem.Core.Infrastructure.csproj", "{5B22B6F1-5BD3-45AA-B3C1-F0256CDB3CEF}"
EndProject
Project("{FAE04EC0-301F-11D3-BF4B-00C04F79EFBC}") = "OpenSystem.Apis.Gateway", "apps\apis\gateway\OpenSystem.Apis.Gateway.csproj", "{5974C606-0599-4EAA-B3B9-8E31AAF57477}"
EndProject
Project("{2150E333-8FDC-42A3-9474-1A3956D46DE8}") = "user", "user", "{4E8C0093-2CB7-40AF-BFFD-85901D0F7CDF}"
EndProject
Project("{FAE04EC0-301F-11D3-BF4B-00C04F79EFBC}") = "OpenSystem.User.Domain", "libs\user\server\domain\OpenSystem.User.Domain.csproj", "{5361C1C5-5EE0-4FAC-A490-789BE10E3304}"
EndProject
Project("{2150E333-8FDC-42A3-9474-1A3956D46DE8}") = "shared", "shared", "{4FDDF805-0410-476D-BD0D-B79C8C798637}"
EndProject
Project("{FAE04EC0-301F-11D3-BF4B-00C04F79EFBC}") = "OpenSystem.Shared.Domain", "libs\shared\server\domain\OpenSystem.Shared.Domain.csproj", "{984BB7D0-144F-4631-B57E-19DF5675D9DA}"
EndProject
Project("{FAE04EC0-301F-11D3-BF4B-00C04F79EFBC}") = "OpenSystem.User.Application", "libs\user\server\application\OpenSystem.User.Application.csproj", "{2C438603-2A28-4B7F-B715-280EDEEB6D19}"
EndProject
Project("{FAE04EC0-301F-11D3-BF4B-00C04F79EFBC}") = "OpenSystem.User.Infrastructure", "libs\user\server\infrastructure\OpenSystem.User.Infrastructure.csproj", "{F6C742C1-252E-4D36-B16F-31849D3F6474}"
EndProject
Project("{2150E333-8FDC-42A3-9474-1A3956D46DE8}") = "contact", "contact", "{09FF1333-74AA-483A-B0D6-A75A5AA20399}"
EndProject
Project("{FAE04EC0-301F-11D3-BF4B-00C04F79EFBC}") = "OpenSystem.Contact.Domain", "libs\contact\server\domain\OpenSystem.Contact.Domain.csproj", "{0CD721C5-59CD-43F3-B795-8A9399601902}"
EndProject
Project("{FAE04EC0-301F-11D3-BF4B-00C04F79EFBC}") = "OpenSystem.Contact.Application", "libs\contact\server\application\OpenSystem.Contact.Application.csproj", "{49AB940C-4D58-4105-96A9-08304B2EEFA8}"
EndProject
Project("{FAE04EC0-301F-11D3-BF4B-00C04F79EFBC}") = "OpenSystem.Contact.Infrastructure", "libs\contact\server\infrastructure\OpenSystem.Contact.Infrastructure.csproj", "{52A00BB2-BF34-4B3C-A1B2-12ECB432E6BC}"
EndProject
Project("{2150E333-8FDC-42A3-9474-1A3956D46DE8}") = "reaction", "reaction", "{A244ACA9-3D16-499E-828F-FCCA3873A275}"
EndProject
Project("{2150E333-8FDC-42A3-9474-1A3956D46DE8}") = "domain", "domain", "{4377D1F4-6D92-47F6-BAB7-6CFB0D2BE997}"
EndProject
Project("{FAE04EC0-301F-11D3-BF4B-00C04F79EFBC}") = "OpenSystem.Core.EventStore", "libs\core\dotnet\event-store\OpenSystem.Core.EventStore.csproj", "{87FDAFC7-2098-4B24-B388-2F7A708600B3}"
EndProject
Project("{FAE04EC0-301F-11D3-BF4B-00C04F79EFBC}") = "OpenSystem.Core.Serilog", "libs\core\dotnet\serilog\OpenSystem.Core.Serilog.csproj", "{1DDD77F6-6EF3-42E0-AA09-FA0F44E55F55}"
EndProject
Project("{FAE04EC0-301F-11D3-BF4B-00C04F79EFBC}") = "OpenSystem.Core.Api", "libs\core\dotnet\api\OpenSystem.Core.Api.csproj", "{8A363A76-1640-4548-B857-5D758095DB7A}"
EndProject
Project("{FAE04EC0-301F-11D3-BF4B-00C04F79EFBC}") = "OpenSystem.Core.OpenTelemetry", "libs\core\dotnet\open-telemetry\OpenSystem.Core.OpenTelemetry.csproj", "{1DE9537C-A77A-4AF3-81B8-4FD8E6A1EE00}"
EndProject
Project("{FAE04EC0-301F-11D3-BF4B-00C04F79EFBC}") = "OpenSystem.Core.EntityFramework", "libs\core\dotnet\entity-framework\OpenSystem.Core.EntityFramework.csproj", "{C14FD6E2-2AFF-4628-A128-DE5E3158EC80}"
EndProject
Project("{FAE04EC0-301F-11D3-BF4B-00C04F79EFBC}") = "OpenSystem.Reaction", "libs\reaction\dotnet\OpenSystem.Reaction.csproj", "{14306A7B-9404-40BD-AAF5-1AAC962B4CF8}"
EndProject
Project("{2150E333-8FDC-42A3-9474-1A3956D46DE8}") = "akka", "akka", "{0A42925C-ED8F-431B-AFA3-7D5FE10E7B80}"
EndProject
Project("{FAE04EC0-301F-11D3-BF4B-00C04F79EFBC}") = "OpenSystem.Akka.Configuration", "libs\akka\dotnet\configuration\OpenSystem.Akka.Configuration.csproj", "{3B95E9B4-94C9-40F8-A205-EF3617F14E03}"
EndProject
Project("{FAE04EC0-301F-11D3-BF4B-00C04F79EFBC}") = "OpenSystem.Akka.Api", "libs\akka\dotnet\api\OpenSystem.Akka.Api.csproj", "{882CC129-C9B4-4FBC-95E8-DA208A4AFD73}"
EndProject
Project("{FAE04EC0-301F-11D3-BF4B-00C04F79EFBC}") = "OpenSystem.Akka.Core", "libs\akka\dotnet\core\OpenSystem.Akka.Core.csproj", "{031D88AC-DEBC-480E-A9FA-5BCE5CAD5F58}"
EndProject
Project("{FAE04EC0-301F-11D3-BF4B-00C04F79EFBC}") = "OpenSystem.Akka.Serilog", "libs\akka\dotnet\serilog\OpenSystem.Akka.Serilog.csproj", "{0B3E2392-AC9B-4485-A5C6-D911347403D2}"
EndProject
Project("{FAE04EC0-301F-11D3-BF4B-00C04F79EFBC}") = "OpenSystem.Akka.Postgresql", "libs\akka\dotnet\postgresql\OpenSystem.Akka.Postgresql.csproj", "{F954CA60-3D03-49D4-90E4-FD91500CCBEA}"
EndProject
Project("{FAE04EC0-301F-11D3-BF4B-00C04F79EFBC}") = "OpenSystem.Akka.Redis", "libs\akka\dotnet\redis\OpenSystem.Akka.Redis.csproj", "{C1D93861-E9F0-47F4-82A8-4F102D77649F}"
EndProject
Project("{FAE04EC0-301F-11D3-BF4B-00C04F79EFBC}") = "OpenSystem.Akka.Domain", "libs\akka\dotnet\domain\OpenSystem.Akka.Domain.csproj", "{4E50280C-1413-49AF-9092-6BB308DE0E04}"
EndProject
Project("{FAE04EC0-301F-11D3-BF4B-00C04F79EFBC}") = "OpenSystem.Akka.Kafka", "libs\akka\dotnet\kafka\OpenSystem.Akka.Kafka.csproj", "{14DD7BBB-85B1-4ED3-94A8-F62505F9E8BF}"
EndProject
Global
	GlobalSection(SolutionConfigurationPlatforms) = preSolution
		Debug|Any CPU = Debug|Any CPU
		Release|Any CPU = Release|Any CPU
	EndGlobalSection
	GlobalSection(SolutionProperties) = preSolution
		HideSolutionNode = FALSE
	EndGlobalSection
	GlobalSection(ProjectConfigurationPlatforms) = postSolution
		{BCA9D2EE-C840-4EC6-86BE-4E7CFBD6BCF1}.Debug|Any CPU.ActiveCfg = Debug|Any CPU
		{BCA9D2EE-C840-4EC6-86BE-4E7CFBD6BCF1}.Debug|Any CPU.Build.0 = Debug|Any CPU
		{BCA9D2EE-C840-4EC6-86BE-4E7CFBD6BCF1}.Release|Any CPU.ActiveCfg = Release|Any CPU
		{BCA9D2EE-C840-4EC6-86BE-4E7CFBD6BCF1}.Release|Any CPU.Build.0 = Release|Any CPU
		{ABAB4DF4-1C69-4B24-A9FA-7E9A0E490EE2}.Debug|Any CPU.ActiveCfg = Debug|Any CPU
		{ABAB4DF4-1C69-4B24-A9FA-7E9A0E490EE2}.Debug|Any CPU.Build.0 = Debug|Any CPU
		{ABAB4DF4-1C69-4B24-A9FA-7E9A0E490EE2}.Release|Any CPU.ActiveCfg = Release|Any CPU
		{ABAB4DF4-1C69-4B24-A9FA-7E9A0E490EE2}.Release|Any CPU.Build.0 = Release|Any CPU
		{AF8359A1-9A55-4DF6-A56F-EB1B0312C68A}.Debug|Any CPU.ActiveCfg = Debug|Any CPU
		{AF8359A1-9A55-4DF6-A56F-EB1B0312C68A}.Debug|Any CPU.Build.0 = Debug|Any CPU
		{AF8359A1-9A55-4DF6-A56F-EB1B0312C68A}.Release|Any CPU.ActiveCfg = Release|Any CPU
		{AF8359A1-9A55-4DF6-A56F-EB1B0312C68A}.Release|Any CPU.Build.0 = Release|Any CPU
		{5B22B6F1-5BD3-45AA-B3C1-F0256CDB3CEF}.Debug|Any CPU.ActiveCfg = Debug|Any CPU
		{5B22B6F1-5BD3-45AA-B3C1-F0256CDB3CEF}.Debug|Any CPU.Build.0 = Debug|Any CPU
		{5B22B6F1-5BD3-45AA-B3C1-F0256CDB3CEF}.Release|Any CPU.ActiveCfg = Release|Any CPU
		{5B22B6F1-5BD3-45AA-B3C1-F0256CDB3CEF}.Release|Any CPU.Build.0 = Release|Any CPU
		{5974C606-0599-4EAA-B3B9-8E31AAF57477}.Debug|Any CPU.ActiveCfg = Debug|Any CPU
		{5974C606-0599-4EAA-B3B9-8E31AAF57477}.Debug|Any CPU.Build.0 = Debug|Any CPU
		{5974C606-0599-4EAA-B3B9-8E31AAF57477}.Release|Any CPU.ActiveCfg = Release|Any CPU
		{5974C606-0599-4EAA-B3B9-8E31AAF57477}.Release|Any CPU.Build.0 = Release|Any CPU
		{5361C1C5-5EE0-4FAC-A490-789BE10E3304}.Debug|Any CPU.ActiveCfg = Debug|Any CPU
		{5361C1C5-5EE0-4FAC-A490-789BE10E3304}.Debug|Any CPU.Build.0 = Debug|Any CPU
		{5361C1C5-5EE0-4FAC-A490-789BE10E3304}.Release|Any CPU.ActiveCfg = Release|Any CPU
		{5361C1C5-5EE0-4FAC-A490-789BE10E3304}.Release|Any CPU.Build.0 = Release|Any CPU
		{984BB7D0-144F-4631-B57E-19DF5675D9DA}.Debug|Any CPU.ActiveCfg = Debug|Any CPU
		{984BB7D0-144F-4631-B57E-19DF5675D9DA}.Debug|Any CPU.Build.0 = Debug|Any CPU
		{984BB7D0-144F-4631-B57E-19DF5675D9DA}.Release|Any CPU.ActiveCfg = Release|Any CPU
		{984BB7D0-144F-4631-B57E-19DF5675D9DA}.Release|Any CPU.Build.0 = Release|Any CPU
		{2C438603-2A28-4B7F-B715-280EDEEB6D19}.Debug|Any CPU.ActiveCfg = Debug|Any CPU
		{2C438603-2A28-4B7F-B715-280EDEEB6D19}.Debug|Any CPU.Build.0 = Debug|Any CPU
		{2C438603-2A28-4B7F-B715-280EDEEB6D19}.Release|Any CPU.ActiveCfg = Release|Any CPU
		{2C438603-2A28-4B7F-B715-280EDEEB6D19}.Release|Any CPU.Build.0 = Release|Any CPU
		{F6C742C1-252E-4D36-B16F-31849D3F6474}.Debug|Any CPU.ActiveCfg = Debug|Any CPU
		{F6C742C1-252E-4D36-B16F-31849D3F6474}.Debug|Any CPU.Build.0 = Debug|Any CPU
		{F6C742C1-252E-4D36-B16F-31849D3F6474}.Release|Any CPU.ActiveCfg = Release|Any CPU
		{F6C742C1-252E-4D36-B16F-31849D3F6474}.Release|Any CPU.Build.0 = Release|Any CPU
		{0CD721C5-59CD-43F3-B795-8A9399601902}.Debug|Any CPU.ActiveCfg = Debug|Any CPU
		{0CD721C5-59CD-43F3-B795-8A9399601902}.Debug|Any CPU.Build.0 = Debug|Any CPU
		{0CD721C5-59CD-43F3-B795-8A9399601902}.Release|Any CPU.ActiveCfg = Release|Any CPU
		{0CD721C5-59CD-43F3-B795-8A9399601902}.Release|Any CPU.Build.0 = Release|Any CPU
		{49AB940C-4D58-4105-96A9-08304B2EEFA8}.Debug|Any CPU.ActiveCfg = Debug|Any CPU
		{49AB940C-4D58-4105-96A9-08304B2EEFA8}.Debug|Any CPU.Build.0 = Debug|Any CPU
		{49AB940C-4D58-4105-96A9-08304B2EEFA8}.Release|Any CPU.ActiveCfg = Release|Any CPU
		{49AB940C-4D58-4105-96A9-08304B2EEFA8}.Release|Any CPU.Build.0 = Release|Any CPU
		{52A00BB2-BF34-4B3C-A1B2-12ECB432E6BC}.Debug|Any CPU.ActiveCfg = Debug|Any CPU
		{52A00BB2-BF34-4B3C-A1B2-12ECB432E6BC}.Debug|Any CPU.Build.0 = Debug|Any CPU
		{52A00BB2-BF34-4B3C-A1B2-12ECB432E6BC}.Release|Any CPU.ActiveCfg = Release|Any CPU
		{52A00BB2-BF34-4B3C-A1B2-12ECB432E6BC}.Release|Any CPU.Build.0 = Release|Any CPU
		{87FDAFC7-2098-4B24-B388-2F7A708600B3}.Debug|Any CPU.ActiveCfg = Debug|Any CPU
		{87FDAFC7-2098-4B24-B388-2F7A708600B3}.Debug|Any CPU.Build.0 = Debug|Any CPU
		{87FDAFC7-2098-4B24-B388-2F7A708600B3}.Release|Any CPU.ActiveCfg = Release|Any CPU
		{87FDAFC7-2098-4B24-B388-2F7A708600B3}.Release|Any CPU.Build.0 = Release|Any CPU
		{1DDD77F6-6EF3-42E0-AA09-FA0F44E55F55}.Debug|Any CPU.ActiveCfg = Debug|Any CPU
		{1DDD77F6-6EF3-42E0-AA09-FA0F44E55F55}.Debug|Any CPU.Build.0 = Debug|Any CPU
		{1DDD77F6-6EF3-42E0-AA09-FA0F44E55F55}.Release|Any CPU.ActiveCfg = Release|Any CPU
		{1DDD77F6-6EF3-42E0-AA09-FA0F44E55F55}.Release|Any CPU.Build.0 = Release|Any CPU
		{8A363A76-1640-4548-B857-5D758095DB7A}.Debug|Any CPU.ActiveCfg = Debug|Any CPU
		{8A363A76-1640-4548-B857-5D758095DB7A}.Debug|Any CPU.Build.0 = Debug|Any CPU
		{8A363A76-1640-4548-B857-5D758095DB7A}.Release|Any CPU.ActiveCfg = Release|Any CPU
		{8A363A76-1640-4548-B857-5D758095DB7A}.Release|Any CPU.Build.0 = Release|Any CPU
		{1DE9537C-A77A-4AF3-81B8-4FD8E6A1EE00}.Debug|Any CPU.ActiveCfg = Debug|Any CPU
		{1DE9537C-A77A-4AF3-81B8-4FD8E6A1EE00}.Debug|Any CPU.Build.0 = Debug|Any CPU
		{1DE9537C-A77A-4AF3-81B8-4FD8E6A1EE00}.Release|Any CPU.ActiveCfg = Release|Any CPU
		{1DE9537C-A77A-4AF3-81B8-4FD8E6A1EE00}.Release|Any CPU.Build.0 = Release|Any CPU
		{C14FD6E2-2AFF-4628-A128-DE5E3158EC80}.Debug|Any CPU.ActiveCfg = Debug|Any CPU
		{C14FD6E2-2AFF-4628-A128-DE5E3158EC80}.Debug|Any CPU.Build.0 = Debug|Any CPU
		{C14FD6E2-2AFF-4628-A128-DE5E3158EC80}.Release|Any CPU.ActiveCfg = Release|Any CPU
		{C14FD6E2-2AFF-4628-A128-DE5E3158EC80}.Release|Any CPU.Build.0 = Release|Any CPU
		{14306A7B-9404-40BD-AAF5-1AAC962B4CF8}.Debug|Any CPU.ActiveCfg = Debug|Any CPU
		{14306A7B-9404-40BD-AAF5-1AAC962B4CF8}.Debug|Any CPU.Build.0 = Debug|Any CPU
		{14306A7B-9404-40BD-AAF5-1AAC962B4CF8}.Release|Any CPU.ActiveCfg = Release|Any CPU
		{14306A7B-9404-40BD-AAF5-1AAC962B4CF8}.Release|Any CPU.Build.0 = Release|Any CPU
		{3B95E9B4-94C9-40F8-A205-EF3617F14E03}.Debug|Any CPU.ActiveCfg = Debug|Any CPU
		{3B95E9B4-94C9-40F8-A205-EF3617F14E03}.Debug|Any CPU.Build.0 = Debug|Any CPU
		{3B95E9B4-94C9-40F8-A205-EF3617F14E03}.Release|Any CPU.ActiveCfg = Release|Any CPU
		{3B95E9B4-94C9-40F8-A205-EF3617F14E03}.Release|Any CPU.Build.0 = Release|Any CPU
		{882CC129-C9B4-4FBC-95E8-DA208A4AFD73}.Debug|Any CPU.ActiveCfg = Debug|Any CPU
		{882CC129-C9B4-4FBC-95E8-DA208A4AFD73}.Debug|Any CPU.Build.0 = Debug|Any CPU
		{882CC129-C9B4-4FBC-95E8-DA208A4AFD73}.Release|Any CPU.ActiveCfg = Release|Any CPU
		{882CC129-C9B4-4FBC-95E8-DA208A4AFD73}.Release|Any CPU.Build.0 = Release|Any CPU
		{031D88AC-DEBC-480E-A9FA-5BCE5CAD5F58}.Debug|Any CPU.ActiveCfg = Debug|Any CPU
		{031D88AC-DEBC-480E-A9FA-5BCE5CAD5F58}.Debug|Any CPU.Build.0 = Debug|Any CPU
		{031D88AC-DEBC-480E-A9FA-5BCE5CAD5F58}.Release|Any CPU.ActiveCfg = Release|Any CPU
		{031D88AC-DEBC-480E-A9FA-5BCE5CAD5F58}.Release|Any CPU.Build.0 = Release|Any CPU
		{0B3E2392-AC9B-4485-A5C6-D911347403D2}.Debug|Any CPU.ActiveCfg = Debug|Any CPU
		{0B3E2392-AC9B-4485-A5C6-D911347403D2}.Debug|Any CPU.Build.0 = Debug|Any CPU
		{0B3E2392-AC9B-4485-A5C6-D911347403D2}.Release|Any CPU.ActiveCfg = Release|Any CPU
		{0B3E2392-AC9B-4485-A5C6-D911347403D2}.Release|Any CPU.Build.0 = Release|Any CPU
		{F954CA60-3D03-49D4-90E4-FD91500CCBEA}.Debug|Any CPU.ActiveCfg = Debug|Any CPU
		{F954CA60-3D03-49D4-90E4-FD91500CCBEA}.Debug|Any CPU.Build.0 = Debug|Any CPU
		{F954CA60-3D03-49D4-90E4-FD91500CCBEA}.Release|Any CPU.ActiveCfg = Release|Any CPU
		{F954CA60-3D03-49D4-90E4-FD91500CCBEA}.Release|Any CPU.Build.0 = Release|Any CPU
		{C1D93861-E9F0-47F4-82A8-4F102D77649F}.Debug|Any CPU.ActiveCfg = Debug|Any CPU
		{C1D93861-E9F0-47F4-82A8-4F102D77649F}.Debug|Any CPU.Build.0 = Debug|Any CPU
		{C1D93861-E9F0-47F4-82A8-4F102D77649F}.Release|Any CPU.ActiveCfg = Release|Any CPU
		{C1D93861-E9F0-47F4-82A8-4F102D77649F}.Release|Any CPU.Build.0 = Release|Any CPU
		{4E50280C-1413-49AF-9092-6BB308DE0E04}.Debug|Any CPU.ActiveCfg = Debug|Any CPU
		{4E50280C-1413-49AF-9092-6BB308DE0E04}.Debug|Any CPU.Build.0 = Debug|Any CPU
		{4E50280C-1413-49AF-9092-6BB308DE0E04}.Release|Any CPU.ActiveCfg = Release|Any CPU
		{4E50280C-1413-49AF-9092-6BB308DE0E04}.Release|Any CPU.Build.0 = Release|Any CPU
		{14DD7BBB-85B1-4ED3-94A8-F62505F9E8BF}.Debug|Any CPU.ActiveCfg = Debug|Any CPU
		{14DD7BBB-85B1-4ED3-94A8-F62505F9E8BF}.Debug|Any CPU.Build.0 = Debug|Any CPU
		{14DD7BBB-85B1-4ED3-94A8-F62505F9E8BF}.Release|Any CPU.ActiveCfg = Release|Any CPU
		{14DD7BBB-85B1-4ED3-94A8-F62505F9E8BF}.Release|Any CPU.Build.0 = Release|Any CPU
	EndGlobalSection
	GlobalSection(NestedProjects) = preSolution
		{BCA9D2EE-C840-4EC6-86BE-4E7CFBD6BCF1} = {B1A29E6C-6B59-429E-AB79-1F7F8AF61484}
		{66A6F527-5BE3-4122-B7A7-36E7A0609FE4} = {64671ADE-E909-49DC-B2E5-FAC1362B5894}
		{AF8359A1-9A55-4DF6-A56F-EB1B0312C68A} = {66A6F527-5BE3-4122-B7A7-36E7A0609FE4}
		{5B22B6F1-5BD3-45AA-B3C1-F0256CDB3CEF} = {66A6F527-5BE3-4122-B7A7-36E7A0609FE4}
		{5974C606-0599-4EAA-B3B9-8E31AAF57477} = {B1A29E6C-6B59-429E-AB79-1F7F8AF61484}
		{4E8C0093-2CB7-40AF-BFFD-85901D0F7CDF} = {64671ADE-E909-49DC-B2E5-FAC1362B5894}
		{4FDDF805-0410-476D-BD0D-B79C8C798637} = {64671ADE-E909-49DC-B2E5-FAC1362B5894}
		{2C438603-2A28-4B7F-B715-280EDEEB6D19} = {4E8C0093-2CB7-40AF-BFFD-85901D0F7CDF}
		{F6C742C1-252E-4D36-B16F-31849D3F6474} = {4E8C0093-2CB7-40AF-BFFD-85901D0F7CDF}
		{09FF1333-74AA-483A-B0D6-A75A5AA20399} = {64671ADE-E909-49DC-B2E5-FAC1362B5894}
		{0CD721C5-59CD-43F3-B795-8A9399601902} = {09FF1333-74AA-483A-B0D6-A75A5AA20399}
		{49AB940C-4D58-4105-96A9-08304B2EEFA8} = {09FF1333-74AA-483A-B0D6-A75A5AA20399}
		{52A00BB2-BF34-4B3C-A1B2-12ECB432E6BC} = {09FF1333-74AA-483A-B0D6-A75A5AA20399}
		{A244ACA9-3D16-499E-828F-FCCA3873A275} = {64671ADE-E909-49DC-B2E5-FAC1362B5894}
		{4377D1F4-6D92-47F6-BAB7-6CFB0D2BE997} = {A244ACA9-3D16-499E-828F-FCCA3873A275}
		{87FDAFC7-2098-4B24-B388-2F7A708600B3} = {66A6F527-5BE3-4122-B7A7-36E7A0609FE4}
		{1DDD77F6-6EF3-42E0-AA09-FA0F44E55F55} = {66A6F527-5BE3-4122-B7A7-36E7A0609FE4}
		{8A363A76-1640-4548-B857-5D758095DB7A} = {66A6F527-5BE3-4122-B7A7-36E7A0609FE4}
		{1DE9537C-A77A-4AF3-81B8-4FD8E6A1EE00} = {66A6F527-5BE3-4122-B7A7-36E7A0609FE4}
		{C14FD6E2-2AFF-4628-A128-DE5E3158EC80} = {66A6F527-5BE3-4122-B7A7-36E7A0609FE4}
		{14306A7B-9404-40BD-AAF5-1AAC962B4CF8} = {A244ACA9-3D16-499E-828F-FCCA3873A275}
		{0A42925C-ED8F-431B-AFA3-7D5FE10E7B80} = {64671ADE-E909-49DC-B2E5-FAC1362B5894}
		{3B95E9B4-94C9-40F8-A205-EF3617F14E03} = {0A42925C-ED8F-431B-AFA3-7D5FE10E7B80}
		{882CC129-C9B4-4FBC-95E8-DA208A4AFD73} = {0A42925C-ED8F-431B-AFA3-7D5FE10E7B80}
		{031D88AC-DEBC-480E-A9FA-5BCE5CAD5F58} = {0A42925C-ED8F-431B-AFA3-7D5FE10E7B80}
		{0B3E2392-AC9B-4485-A5C6-D911347403D2} = {0A42925C-ED8F-431B-AFA3-7D5FE10E7B80}
		{F954CA60-3D03-49D4-90E4-FD91500CCBEA} = {0A42925C-ED8F-431B-AFA3-7D5FE10E7B80}
		{C1D93861-E9F0-47F4-82A8-4F102D77649F} = {0A42925C-ED8F-431B-AFA3-7D5FE10E7B80}
		{4E50280C-1413-49AF-9092-6BB308DE0E04} = {0A42925C-ED8F-431B-AFA3-7D5FE10E7B80}
		{14DD7BBB-85B1-4ED3-94A8-F62505F9E8BF} = {0A42925C-ED8F-431B-AFA3-7D5FE10E7B80}
	EndGlobalSection
EndGlobal
