
Microsoft Visual Studio Solution File, Format Version 12.00
# Visual Studio Version 17
VisualStudioVersion = 17.0.31903.59
MinimumVisualStudioVersion = 10.0.40219.1
Project("{2150E333-8FDC-42A3-9474-1A3956D46DE8}") = "apps", "apps", "{4F8600F6-7644-44FE-B568-FFCA0A389BEF}"
EndProject
Project("{2150E333-8FDC-42A3-9474-1A3956D46DE8}") = "apis", "apis", "{B1A29E6C-6B59-429E-AB79-1F7F8AF61484}"
EndProject
Project("{FAE04EC0-301F-11D3-BF4B-00C04F79EFBC}") = "OpenSystem.Apis.Message", "apps\apis\message\OpenSystem.Apis.Message.csproj", "{4E641E32-3776-4965-A331-8B6DC5F4A5EF}"
EndProject
Project("{2150E333-8FDC-42A3-9474-1A3956D46DE8}") = "web", "web", "{79566D8A-2972-4572-9EB6-48AC2993C608}"
EndProject
Project("{FAE04EC0-301F-11D3-BF4B-00C04F79EFBC}") = "OpenSystem.Web.Host", "apps\web\host\OpenSystem.Web.Host.csproj", "{261E20C8-871C-488F-9436-5070C77F31AB}"
EndProject
Project("{FAE04EC0-301F-11D3-BF4B-00C04F79EFBC}") = "OpenSystem.Web.Landing", "apps\web\landing\OpenSystem.Web.Landing.csproj", "{5D6D28AF-A216-47F2-94F7-90DE795AF85F}"
EndProject
Project("{FAE04EC0-301F-11D3-BF4B-00C04F79EFBC}") = "OpenSystem.Apis.Reaction", "apps\apis\reaction\OpenSystem.Apis.Reaction.csproj", "{BCA9D2EE-C840-4EC6-86BE-4E7CFBD6BCF1}"
EndProject
Project("{2150E333-8FDC-42A3-9474-1A3956D46DE8}") = "libs", "libs", "{64671ADE-E909-49DC-B2E5-FAC1362B5894}"
EndProject
Project("{2150E333-8FDC-42A3-9474-1A3956D46DE8}") = "core", "core", "{66A6F527-5BE3-4122-B7A7-36E7A0609FE4}"
EndProject
Project("{2150E333-8FDC-42A3-9474-1A3956D46DE8}") = "dotnet", "dotnet", "{3C285E70-0E19-459A-8C6F-07C37449E48C}"
EndProject
Project("{FAE04EC0-301F-11D3-BF4B-00C04F79EFBC}") = "OpenSystem.Core.DotNet.WebApi", "libs\core\dotnet\webapi\OpenSystem.Core.DotNet.WebApi.csproj", "{C58A7CCC-49DA-4F28-B815-C5B78F9DDCBF}"
EndProject
Project("{FAE04EC0-301F-11D3-BF4B-00C04F79EFBC}") = "OpenSystem.Core.DotNet.Application", "libs\core\dotnet\application\OpenSystem.Core.DotNet.Application.csproj", "{ABAB4DF4-1C69-4B24-A9FA-7E9A0E490EE2}"
EndProject
Project("{FAE04EC0-301F-11D3-BF4B-00C04F79EFBC}") = "OpenSystem.Core.DotNet.Domain", "libs\core\dotnet\domain\OpenSystem.Core.DotNet.Domain.csproj", "{AF8359A1-9A55-4DF6-A56F-EB1B0312C68A}"
EndProject
Project("{FAE04EC0-301F-11D3-BF4B-00C04F79EFBC}") = "OpenSystem.Core.DotNet.Infrastructure", "libs\core\dotnet\infrastructure\OpenSystem.Core.DotNet.Infrastructure.csproj", "{5B22B6F1-5BD3-45AA-B3C1-F0256CDB3CEF}"
EndProject
Global
	GlobalSection(SolutionConfigurationPlatforms) = preSolution
		Debug|Any CPU = Debug|Any CPU
		Release|Any CPU = Release|Any CPU
	EndGlobalSection
	GlobalSection(SolutionProperties) = preSolution
		HideSolutionNode = FALSE
	EndGlobalSection
	GlobalSection(ProjectConfigurationPlatforms) = postSolution
		{4E641E32-3776-4965-A331-8B6DC5F4A5EF}.Debug|Any CPU.ActiveCfg = Debug|Any CPU
		{4E641E32-3776-4965-A331-8B6DC5F4A5EF}.Debug|Any CPU.Build.0 = Debug|Any CPU
		{4E641E32-3776-4965-A331-8B6DC5F4A5EF}.Release|Any CPU.ActiveCfg = Release|Any CPU
		{4E641E32-3776-4965-A331-8B6DC5F4A5EF}.Release|Any CPU.Build.0 = Release|Any CPU
		{261E20C8-871C-488F-9436-5070C77F31AB}.Debug|Any CPU.ActiveCfg = Debug|Any CPU
		{261E20C8-871C-488F-9436-5070C77F31AB}.Debug|Any CPU.Build.0 = Debug|Any CPU
		{261E20C8-871C-488F-9436-5070C77F31AB}.Release|Any CPU.ActiveCfg = Release|Any CPU
		{261E20C8-871C-488F-9436-5070C77F31AB}.Release|Any CPU.Build.0 = Release|Any CPU
		{5D6D28AF-A216-47F2-94F7-90DE795AF85F}.Debug|Any CPU.ActiveCfg = Debug|Any CPU
		{5D6D28AF-A216-47F2-94F7-90DE795AF85F}.Debug|Any CPU.Build.0 = Debug|Any CPU
		{5D6D28AF-A216-47F2-94F7-90DE795AF85F}.Release|Any CPU.ActiveCfg = Release|Any CPU
		{5D6D28AF-A216-47F2-94F7-90DE795AF85F}.Release|Any CPU.Build.0 = Release|Any CPU
		{BCA9D2EE-C840-4EC6-86BE-4E7CFBD6BCF1}.Debug|Any CPU.ActiveCfg = Debug|Any CPU
		{BCA9D2EE-C840-4EC6-86BE-4E7CFBD6BCF1}.Debug|Any CPU.Build.0 = Debug|Any CPU
		{BCA9D2EE-C840-4EC6-86BE-4E7CFBD6BCF1}.Release|Any CPU.ActiveCfg = Release|Any CPU
		{BCA9D2EE-C840-4EC6-86BE-4E7CFBD6BCF1}.Release|Any CPU.Build.0 = Release|Any CPU
		{C58A7CCC-49DA-4F28-B815-C5B78F9DDCBF}.Debug|Any CPU.ActiveCfg = Debug|Any CPU
		{C58A7CCC-49DA-4F28-B815-C5B78F9DDCBF}.Debug|Any CPU.Build.0 = Debug|Any CPU
		{C58A7CCC-49DA-4F28-B815-C5B78F9DDCBF}.Release|Any CPU.ActiveCfg = Release|Any CPU
		{C58A7CCC-49DA-4F28-B815-C5B78F9DDCBF}.Release|Any CPU.Build.0 = Release|Any CPU
		{ABAB4DF4-1C69-4B24-A9FA-7E9A0E490EE2}.Debug|Any CPU.ActiveCfg = Debug|Any CPU
		{ABAB4DF4-1C69-4B24-A9FA-7E9A0E490EE2}.Debug|Any CPU.Build.0 = Debug|Any CPU
		{ABAB4DF4-1C69-4B24-A9FA-7E9A0E490EE2}.Release|Any CPU.ActiveCfg = Release|Any CPU
		{ABAB4DF4-1C69-4B24-A9FA-7E9A0E490EE2}.Release|Any CPU.Build.0 = Release|Any CPU
		{AF8359A1-9A55-4DF6-A56F-EB1B0312C68A}.Debug|Any CPU.ActiveCfg = Debug|Any CPU
		{AF8359A1-9A55-4DF6-A56F-EB1B0312C68A}.Debug|Any CPU.Build.0 = Debug|Any CPU
		{AF8359A1-9A55-4DF6-A56F-EB1B0312C68A}.Release|Any CPU.ActiveCfg = Release|Any CPU
		{AF8359A1-9A55-4DF6-A56F-EB1B0312C68A}.Release|Any CPU.Build.0 = Release|Any CPU
		{5B22B6F1-5BD3-45AA-B3C1-F0256CDB3CEF}.Debug|Any CPU.ActiveCfg = Debug|Any CPU
		{5B22B6F1-5BD3-45AA-B3C1-F0256CDB3CEF}.Debug|Any CPU.Build.0 = Debug|Any CPU
		{5B22B6F1-5BD3-45AA-B3C1-F0256CDB3CEF}.Release|Any CPU.ActiveCfg = Release|Any CPU
		{5B22B6F1-5BD3-45AA-B3C1-F0256CDB3CEF}.Release|Any CPU.Build.0 = Release|Any CPU
	EndGlobalSection
	GlobalSection(NestedProjects) = preSolution
		{B1A29E6C-6B59-429E-AB79-1F7F8AF61484} = {4F8600F6-7644-44FE-B568-FFCA0A389BEF}
		{4E641E32-3776-4965-A331-8B6DC5F4A5EF} = {B1A29E6C-6B59-429E-AB79-1F7F8AF61484}
		{79566D8A-2972-4572-9EB6-48AC2993C608} = {4F8600F6-7644-44FE-B568-FFCA0A389BEF}
		{261E20C8-871C-488F-9436-5070C77F31AB} = {79566D8A-2972-4572-9EB6-48AC2993C608}
		{5D6D28AF-A216-47F2-94F7-90DE795AF85F} = {79566D8A-2972-4572-9EB6-48AC2993C608}
		{BCA9D2EE-C840-4EC6-86BE-4E7CFBD6BCF1} = {B1A29E6C-6B59-429E-AB79-1F7F8AF61484}
		{66A6F527-5BE3-4122-B7A7-36E7A0609FE4} = {64671ADE-E909-49DC-B2E5-FAC1362B5894}
		{3C285E70-0E19-459A-8C6F-07C37449E48C} = {66A6F527-5BE3-4122-B7A7-36E7A0609FE4}
		{C58A7CCC-49DA-4F28-B815-C5B78F9DDCBF} = {3C285E70-0E19-459A-8C6F-07C37449E48C}
		{ABAB4DF4-1C69-4B24-A9FA-7E9A0E490EE2} = {3C285E70-0E19-459A-8C6F-07C37449E48C}
		{AF8359A1-9A55-4DF6-A56F-EB1B0312C68A} = {3C285E70-0E19-459A-8C6F-07C37449E48C}
		{5B22B6F1-5BD3-45AA-B3C1-F0256CDB3CEF} = {3C285E70-0E19-459A-8C6F-07C37449E48C}
	EndGlobalSection
EndGlobal
