---
name: Lock

on:
  schedule:
    - cron: "0 9 * * *"
  workflow_dispatch:

env:
  CI: true
  NX_DAEMON: false
  NX_VERBOSE_LOGGING: true
  SKIP_ENV_VALIDATION: true
  GITHUB_ACTOR: "sullivanpj"
  GITHUB_TOKEN: ${{ secrets.GITHUB_TOKEN }}
  GH_TOKEN: ${{ secrets.GITHUB_TOKEN }}

jobs:
  lock:
    name: 🔒 Lock closed issues and PRs
    runs-on: ubuntu-latest
    steps:
      - uses: dessant/lock-threads@v4
        with:
          github-token: ${{ github.token }}
          issue-inactive-days: "30"
          issue-lock-reason: ""
          pr-inactive-days: "1"
          pr-lock-reason: ""
